
Microsoft Visual Studio Solution File, Format Version 12.00
# Visual Studio Version 17
VisualStudioVersion = 17.0.32112.339
MinimumVisualStudioVersion = 10.0.40219.1
Project("{9A19103F-16F7-4668-BE54-9A1E7A4F7556}") = "Genocs.QRCodeLibrary", "src\Genocs.QRCodeLibrary\Genocs.QRCodeLibrary.csproj", "{44621280-F620-40F8-AC3A-FA0F242DD532}"
EndProject
Project("{9A19103F-16F7-4668-BE54-9A1E7A4F7556}") = "Genocs.QRCodeLibrary.Console", "src\Genocs.QRCodeLibrary.Console\Genocs.QRCodeLibrary.Console.csproj", "{1F63C0FA-555C-4A10-9A58-CCA86A748F12}"
EndProject
Project("{9A19103F-16F7-4668-BE54-9A1E7A4F7556}") = "Genocs.QRCodeLibrary.Tests", "src\Genocs.QRCodeLibrary.Tests\Genocs.QRCodeLibrary.Tests.csproj", "{AC12EDB0-9102-416A-9E35-CD570C5207E5}"
EndProject
Project("{9A19103F-16F7-4668-BE54-9A1E7A4F7556}") = "Genocs.QRCodeLibrary.WebApi", "src\Genocs.QRCodeLibrary.WebApi\Genocs.QRCodeLibrary.WebApi.csproj", "{6CD75320-4371-480C-99A3-0793599F8F1C}"
EndProject
Project("{9A19103F-16F7-4668-BE54-9A1E7A4F7556}") = "Genocs.BarcodeLibrary", "src\Genocs.BarcodeLibrary\Genocs.BarcodeLibrary.csproj", "{191870C8-9C13-4BE8-8CDC-DAC8CB64D4CE}"
EndProject
Project("{2150E333-8FDC-42A3-9474-1A3956D46DE8}") = "tests", "tests", "{791555BA-984E-48EC-964D-3BFC84C1BA70}"
EndProject
Project("{9A19103F-16F7-4668-BE54-9A1E7A4F7556}") = "Genocs.BarcodeLibrary.Tests", "src\Genocs.BarcodeLibrary.Tests\Genocs.BarcodeLibrary.Tests.csproj", "{9C63FECD-612E-4EC0-BE3B-F1CA2B1376F2}"
EndProject
Project("{2150E333-8FDC-42A3-9474-1A3956D46DE8}") = "_Solution Items", "_Solution Items", "{510AB839-2A02-46C2-AF45-26B431DB77B3}"
	ProjectSection(SolutionItems) = preProject
		.editorconfig = .editorconfig
		Directory.Build.props = Directory.Build.props
		Directory.Build.targets = Directory.Build.targets
		dotnet.ruleset = dotnet.ruleset
		global.json = global.json
		launchSettings.json = launchSettings.json
		Makefile = Makefile
		README.md = README.md
		stylecop.json = stylecop.json
	EndProjectSection
EndProject
Global
	GlobalSection(SolutionConfigurationPlatforms) = preSolution
		Debug|Any CPU = Debug|Any CPU
		Release|Any CPU = Release|Any CPU
	EndGlobalSection
	GlobalSection(ProjectConfigurationPlatforms) = postSolution
		{44621280-F620-40F8-AC3A-FA0F242DD532}.Debug|Any CPU.ActiveCfg = Debug|Any CPU
		{44621280-F620-40F8-AC3A-FA0F242DD532}.Debug|Any CPU.Build.0 = Debug|Any CPU
		{44621280-F620-40F8-AC3A-FA0F242DD532}.Release|Any CPU.ActiveCfg = Release|Any CPU
		{44621280-F620-40F8-AC3A-FA0F242DD532}.Release|Any CPU.Build.0 = Release|Any CPU
		{1F63C0FA-555C-4A10-9A58-CCA86A748F12}.Debug|Any CPU.ActiveCfg = Debug|Any CPU
		{1F63C0FA-555C-4A10-9A58-CCA86A748F12}.Debug|Any CPU.Build.0 = Debug|Any CPU
		{1F63C0FA-555C-4A10-9A58-CCA86A748F12}.Release|Any CPU.ActiveCfg = Release|Any CPU
		{1F63C0FA-555C-4A10-9A58-CCA86A748F12}.Release|Any CPU.Build.0 = Release|Any CPU
		{AC12EDB0-9102-416A-9E35-CD570C5207E5}.Debug|Any CPU.ActiveCfg = Debug|Any CPU
		{AC12EDB0-9102-416A-9E35-CD570C5207E5}.Debug|Any CPU.Build.0 = Debug|Any CPU
		{AC12EDB0-9102-416A-9E35-CD570C5207E5}.Release|Any CPU.ActiveCfg = Release|Any CPU
		{AC12EDB0-9102-416A-9E35-CD570C5207E5}.Release|Any CPU.Build.0 = Release|Any CPU
		{6CD75320-4371-480C-99A3-0793599F8F1C}.Debug|Any CPU.ActiveCfg = Debug|Any CPU
		{6CD75320-4371-480C-99A3-0793599F8F1C}.Debug|Any CPU.Build.0 = Debug|Any CPU
		{6CD75320-4371-480C-99A3-0793599F8F1C}.Release|Any CPU.ActiveCfg = Release|Any CPU
		{6CD75320-4371-480C-99A3-0793599F8F1C}.Release|Any CPU.Build.0 = Release|Any CPU
		{191870C8-9C13-4BE8-8CDC-DAC8CB64D4CE}.Debug|Any CPU.ActiveCfg = Debug|Any CPU
		{191870C8-9C13-4BE8-8CDC-DAC8CB64D4CE}.Debug|Any CPU.Build.0 = Debug|Any CPU
		{191870C8-9C13-4BE8-8CDC-DAC8CB64D4CE}.Release|Any CPU.ActiveCfg = Release|Any CPU
		{191870C8-9C13-4BE8-8CDC-DAC8CB64D4CE}.Release|Any CPU.Build.0 = Release|Any CPU
		{9C63FECD-612E-4EC0-BE3B-F1CA2B1376F2}.Debug|Any CPU.ActiveCfg = Debug|Any CPU
		{9C63FECD-612E-4EC0-BE3B-F1CA2B1376F2}.Debug|Any CPU.Build.0 = Debug|Any CPU
		{9C63FECD-612E-4EC0-BE3B-F1CA2B1376F2}.Release|Any CPU.ActiveCfg = Release|Any CPU
		{9C63FECD-612E-4EC0-BE3B-F1CA2B1376F2}.Release|Any CPU.Build.0 = Release|Any CPU
	EndGlobalSection
	GlobalSection(SolutionProperties) = preSolution
		HideSolutionNode = FALSE
	EndGlobalSection
	GlobalSection(NestedProjects) = preSolution
		{AC12EDB0-9102-416A-9E35-CD570C5207E5} = {791555BA-984E-48EC-964D-3BFC84C1BA70}
		{9C63FECD-612E-4EC0-BE3B-F1CA2B1376F2} = {791555BA-984E-48EC-964D-3BFC84C1BA70}
	EndGlobalSection
	GlobalSection(ExtensibilityGlobals) = postSolution
		SolutionGuid = {7289BF93-DA7D-4E8F-BA32-AEB480F9FFE9}
	EndGlobalSection
EndGlobal
