<Solution>
  <Folder Name="/tests/BarcodeLibary/">
    <Project Path="src/tests/BarcodeLibrary.Tests/Tests.csproj" />
  </Folder>
  <Folder Name="/tests/QRCodeLibrary/">
    <Project Path="src/tests/QRCodeLibrary.Tests/Tests.csproj" />
  </Folder>
  <Folder Name="/WebApi/">
    <Project Path="src/WebApi/Host.csproj" />
  </Folder>

  <Folder Name="/_Solution Items/">
    <File Path=".editorconfig" />
    <File Path="Directory.Build.props" />
    <File Path="Directory.Build.targets" />
    <File Path="dotnet.ruleset" />
    <File Path="global.json" />
    <File Path="infrastructure/containers/docker-compose.override.yml" />
    <File Path="infrastructure/containers/docker-compose.yml" />
    <File Path="launchSettings.json" />
    <File Path="Makefile" />
    <File Path="README.md" />
    <File Path="src/WebApi/web-api.rest" />
    <File Path="stylecop.json" />
  </Folder>
  <Project Path="src/BarcodeLibrary/BarcodeLibrary.csproj" />
  <Project Path="src/QRCodeLibrary/QRCodeLibrary.csproj" />
</Solution>
