
Microsoft Visual Studio Solution File, Format Version 12.00
# Visual Studio Version 16
VisualStudioVersion = 16.0.29709.97
MinimumVisualStudioVersion = 10.0.40219.1
Project("{9A19103F-16F7-4668-BE54-9A1E7A4F7556}") = "Genocs.QRCodeLibrary", "src\Genocs.QRCodeLibrary\Genocs.QRCodeLibrary.csproj", "{44621280-F620-40F8-AC3A-FA0F242DD532}"
EndProject
Project("{9A19103F-16F7-4668-BE54-9A1E7A4F7556}") = "Genocs.QRCodeLibrary.Console", "src\Genocs.QRCodeLibrary.Console\Genocs.QRCodeLibrary.Console.csproj", "{1F63C0FA-555C-4A10-9A58-CCA86A748F12}"
EndProject
Project("{9A19103F-16F7-4668-BE54-9A1E7A4F7556}") = "Genocs.QRCodeLibrary.Tests", "src\Genocs.QRCodeLibrary.Tests\Genocs.QRCodeLibrary.Tests.csproj", "{AC12EDB0-9102-416A-9E35-CD570C5207E5}"
EndProject
Project("{9A19103F-16F7-4668-BE54-9A1E7A4F7556}") = "Genocs.QRCodeLibrary.WebApi", "src\Genocs.QRCodeLibrary.WebApi\Genocs.QRCodeLibrary.WebApi.csproj", "{6CD75320-4371-480C-99A3-0793599F8F1C}"
EndProject
Global
	GlobalSection(SolutionConfigurationPlatforms) = preSolution
		Debug|Any CPU = Debug|Any CPU
		Release|Any CPU = Release|Any CPU
	EndGlobalSection
	GlobalSection(ProjectConfigurationPlatforms) = postSolution
		{44621280-F620-40F8-AC3A-FA0F242DD532}.Debug|Any CPU.ActiveCfg = Debug|Any CPU
		{44621280-F620-40F8-AC3A-FA0F242DD532}.Debug|Any CPU.Build.0 = Debug|Any CPU
		{44621280-F620-40F8-AC3A-FA0F242DD532}.Release|Any CPU.ActiveCfg = Release|Any CPU
		{44621280-F620-40F8-AC3A-FA0F242DD532}.Release|Any CPU.Build.0 = Release|Any CPU
		{1F63C0FA-555C-4A10-9A58-CCA86A748F12}.Debug|Any CPU.ActiveCfg = Debug|Any CPU
		{1F63C0FA-555C-4A10-9A58-CCA86A748F12}.Debug|Any CPU.Build.0 = Debug|Any CPU
		{1F63C0FA-555C-4A10-9A58-CCA86A748F12}.Release|Any CPU.ActiveCfg = Release|Any CPU
		{1F63C0FA-555C-4A10-9A58-CCA86A748F12}.Release|Any CPU.Build.0 = Release|Any CPU
		{AC12EDB0-9102-416A-9E35-CD570C5207E5}.Debug|Any CPU.ActiveCfg = Debug|Any CPU
		{AC12EDB0-9102-416A-9E35-CD570C5207E5}.Debug|Any CPU.Build.0 = Debug|Any CPU
		{AC12EDB0-9102-416A-9E35-CD570C5207E5}.Release|Any CPU.ActiveCfg = Release|Any CPU
		{AC12EDB0-9102-416A-9E35-CD570C5207E5}.Release|Any CPU.Build.0 = Release|Any CPU
		{6CD75320-4371-480C-99A3-0793599F8F1C}.Debug|Any CPU.ActiveCfg = Debug|Any CPU
		{6CD75320-4371-480C-99A3-0793599F8F1C}.Debug|Any CPU.Build.0 = Debug|Any CPU
		{6CD75320-4371-480C-99A3-0793599F8F1C}.Release|Any CPU.ActiveCfg = Release|Any CPU
		{6CD75320-4371-480C-99A3-0793599F8F1C}.Release|Any CPU.Build.0 = Release|Any CPU
	EndGlobalSection
	GlobalSection(SolutionProperties) = preSolution
		HideSolutionNode = FALSE
	EndGlobalSection
	GlobalSection(ExtensibilityGlobals) = postSolution
		SolutionGuid = {7289BF93-DA7D-4E8F-BA32-AEB480F9FFE9}
	EndGlobalSection
EndGlobal
