<Solution>
  <Folder Name="/tests/">
    <Project Path="src/tests/Genocs.BarcodeLibrary.Tests/Genocs.BarcodeLibrary.Tests.csproj" />
    <Project Path="src/tests/Genocs.QRCodeLibrary.Tests/Genocs.QRCodeLibrary.Tests.csproj" />
  </Folder>
  <Folder Name="/Console/">
    <Project Path="src/Console/Host.csproj" />
  </Folder>
  <Folder Name="/WebApi/">
    <Project Path="src/WebApi/Host.csproj" />
  </Folder>

  <Folder Name="/_Solution Items/">
    <File Path=".editorconfig" />
    <File Path="Directory.Build.props" />
    <File Path="Directory.Build.targets" />
    <File Path="dotnet.ruleset" />
    <File Path="global.json" />
    <File Path="launchSettings.json" />
    <File Path="Makefile" />
    <File Path="README.md" />
    <File Path="stylecop.json" />
    <File Path="./src/WebApi/web-api.rest" />
  </Folder>
  <Project Path="src/Genocs.BarcodeLibrary/Genocs.BarcodeLibrary.csproj" />
  <Project Path="src/Genocs.QRCodeLibrary/Genocs.QRCodeLibrary.csproj" />
</Solution>
